
Microsoft Visual Studio Solution File, Format Version 12.00
# Visual Studio Version 16
VisualStudioVersion = 16.0.29306.81
MinimumVisualStudioVersion = 10.0.40219.1
Project("{FAE04EC0-301F-11D3-BF4B-00C04F79EFBC}") = "SportResults", "SportResults\SportResults.csproj", "{1BFE11FA-10EC-46AB-ACFE-90908B49ECC7}"
EndProject
Global
	GlobalSection(SolutionConfigurationPlatforms) = preSolution
		Debug|Any CPU = Debug|Any CPU
		Release|Any CPU = Release|Any CPU
	EndGlobalSection
	GlobalSection(ProjectConfigurationPlatforms) = postSolution
		{1BFE11FA-10EC-46AB-ACFE-90908B49ECC7}.Debug|Any CPU.ActiveCfg = Debug|Any CPU
		{1BFE11FA-10EC-46AB-ACFE-90908B49ECC7}.Debug|Any CPU.Build.0 = Debug|Any CPU
		{1BFE11FA-10EC-46AB-ACFE-90908B49ECC7}.Release|Any CPU.ActiveCfg = Release|Any CPU
		{1BFE11FA-10EC-46AB-ACFE-90908B49ECC7}.Release|Any CPU.Build.0 = Release|Any CPU
	EndGlobalSection
	GlobalSection(SolutionProperties) = preSolution
		HideSolutionNode = FALSE
	EndGlobalSection
	GlobalSection(ExtensibilityGlobals) = postSolution
		SolutionGuid = {289D19F8-BE52-4670-9EB4-F81477431993}
	EndGlobalSection
EndGlobal
